# This file is automatically @generated by Cargo.
# It is not intended for manual editing.
version = 4

[[package]]
name = "Plotype"
version = "0.1.0"
dependencies = [
 "assert_matches",
 "cgp",
 "derive_more",
 "itertools",
 "match-downcast",
 "more-asserts",
 "num-traits",
 "thiserror",
 "unwrap-infallible",
]

[[package]]
name = "assert_matches"
version = "1.5.0"
source = "registry+https://github.com/rust-lang/crates.io-index"
checksum = "9b34d609dfbaf33d6889b2b7106d3ca345eacad44200913df5ba02bfd31d2ba9"

[[package]]
name = "autocfg"
version = "1.5.0"
source = "registry+https://github.com/rust-lang/crates.io-index"
checksum = "c08606f8c3cbf4ce6ec8e28fb0014a2c086708fe954eaa885384a6165172e7e8"

[[package]]
name = "cgp"
version = "0.6.0"
source = "registry+https://github.com/rust-lang/crates.io-index"
checksum = "cd912d72a3833dc58872f422dde72cde4e8408f07edecaeb653c3c5b4df1847d"
dependencies = [
 "cgp-core",
 "cgp-extra",
]

[[package]]
name = "cgp-async-macro"
version = "0.6.0"
source = "registry+https://github.com/rust-lang/crates.io-index"
checksum = "95855d971c12a608f23e40b436a9585ddd1d61d84b168844eb0fdd6ca263981b"
dependencies = [
 "proc-macro2",
 "quote",
 "syn",
]

[[package]]
name = "cgp-component"
version = "0.6.0"
source = "registry+https://github.com/rust-lang/crates.io-index"
checksum = "4179fab2e8d18dc550e1ab1b91a1541190408ef19a585e56f163011662aa7e67"

[[package]]
name = "cgp-core"
version = "0.6.0"
source = "registry+https://github.com/rust-lang/crates.io-index"
checksum = "c5a18377000b64b437e80de4d6d31b18bb5fb92f7452f974e266d3b5cb434d5a"
dependencies = [
 "cgp-async-macro",
 "cgp-component",
 "cgp-error",
 "cgp-field",
 "cgp-macro",
 "cgp-type",
]

[[package]]
name = "cgp-dispatch"
version = "0.6.0"
source = "registry+https://github.com/rust-lang/crates.io-index"
checksum = "431aa42d5a271f79cf9c29d7b4567a1d53bf181d7e6ca72291e089988ea561c5"
dependencies = [
 "cgp-core",
 "cgp-handler",
 "cgp-monad",
]

[[package]]
name = "cgp-error"
version = "0.6.0"
source = "registry+https://github.com/rust-lang/crates.io-index"
checksum = "9ca117e034ff06bb5af2dae0b0391060d9c8bfe28785799fce8e15a54ec4a597"
dependencies = [
 "cgp-component",
 "cgp-macro",
 "cgp-type",
]

[[package]]
name = "cgp-error-extra"
version = "0.6.0"
source = "registry+https://github.com/rust-lang/crates.io-index"
checksum = "720bfc4c6852076997c777c12a3dfbeaf8d480a640b5f8e78ee2ec0e9ec3106d"
dependencies = [
 "cgp-core",
]

[[package]]
name = "cgp-extra"
version = "0.6.0"
source = "registry+https://github.com/rust-lang/crates.io-index"
checksum = "2030bc99df33021e9eb83d2a1be1121662dc65e8cf7ad9fad6ab1c873804caaa"
dependencies = [
 "cgp-core",
 "cgp-dispatch",
 "cgp-error-extra",
 "cgp-extra-macro",
 "cgp-field-extra",
 "cgp-handler",
 "cgp-monad",
 "cgp-run",
 "cgp-runtime",
]

[[package]]
name = "cgp-extra-macro"
version = "0.6.0"
source = "registry+https://github.com/rust-lang/crates.io-index"
checksum = "8f5c4996cf3afe6bb8865a94738ffbf6c5b8d082315c613d746b0a7bb4f6a78a"
dependencies = [
 "cgp-extra-macro-lib",
 "syn",
]

[[package]]
name = "cgp-extra-macro-lib"
version = "0.6.0"
source = "registry+https://github.com/rust-lang/crates.io-index"
checksum = "bb164dc7273c89aaff9c8ab8d2ee68a9d38dcf1681f6b3598e228fc892af5551"
dependencies = [
 "proc-macro2",
 "quote",
 "syn",
]

[[package]]
name = "cgp-field"
version = "0.6.0"
source = "registry+https://github.com/rust-lang/crates.io-index"
checksum = "ff9a3ce35f6851ca18c6aa025791a6d42cdb9a90283e4299328b268eb3c5b65b"
dependencies = [
 "cgp-component",
 "cgp-type",
]

[[package]]
name = "cgp-field-extra"
version = "0.6.0"
source = "registry+https://github.com/rust-lang/crates.io-index"
checksum = "8c9ce5f0dcd4d9aaa42b44e8e3c62745cb329dbbabc14372951c41d0380df805"
dependencies = [
 "cgp-field",
]

[[package]]
name = "cgp-handler"
version = "0.6.0"
source = "registry+https://github.com/rust-lang/crates.io-index"
checksum = "784ac68f5d705e81a3298dddacb0c0cedf9f9e3246aebc8d6cf4284c082c8823"
dependencies = [
 "cgp-core",
]

[[package]]
name = "cgp-macro"
version = "0.6.0"
source = "registry+https://github.com/rust-lang/crates.io-index"
checksum = "b121903cbfcd6bbe3c5fcc9540986c91155d75bfc2e161d1d23823858a818482"
dependencies = [
 "cgp-macro-lib",
 "syn",
]

[[package]]
name = "cgp-macro-lib"
version = "0.6.0"
source = "registry+https://github.com/rust-lang/crates.io-index"
checksum = "4e559d6f82b9ac070bbdc498346ad2462f65ec6cb5366e3e136fcc78a287f09a"
dependencies = [
 "itertools",
 "prettyplease",
 "proc-macro2",
 "quote",
 "syn",
]

[[package]]
name = "cgp-monad"
version = "0.6.0"
source = "registry+https://github.com/rust-lang/crates.io-index"
checksum = "7b4f5df5aa43200d7f8ff08552cc4fb7406a84e850946a2809c6ba38deed024b"
dependencies = [
 "cgp-core",
 "cgp-handler",
]

[[package]]
name = "cgp-run"
version = "0.6.0"
source = "registry+https://github.com/rust-lang/crates.io-index"
checksum = "6eadc60981cd1aa6f0ef6af22d0c624733efa67468a6f8785e382c9ccc237b96"
dependencies = [
 "cgp-core",
]

[[package]]
name = "cgp-runtime"
version = "0.6.0"
source = "registry+https://github.com/rust-lang/crates.io-index"
checksum = "dd147d46b480485f929d32015a93a1c707fded85b90b9b471fefa9a18e07b29b"
dependencies = [
 "cgp-core",
]

[[package]]
name = "cgp-type"
version = "0.6.0"
source = "registry+https://github.com/rust-lang/crates.io-index"
checksum = "603c672d346578d88476ba7485567ddb20e1e0f6300777b6d0570d0738ab072a"
dependencies = [
 "cgp-component",
 "cgp-macro",
]

[[package]]
name = "derive_more"
version = "2.0.1"
source = "registry+https://github.com/rust-lang/crates.io-index"
checksum = "093242cf7570c207c83073cf82f79706fe7b8317e98620a47d5be7c3d8497678"
dependencies = [
 "derive_more-impl",
]

[[package]]
name = "derive_more-impl"
version = "2.0.1"
source = "registry+https://github.com/rust-lang/crates.io-index"
checksum = "bda628edc44c4bb645fbe0f758797143e4e07926f7ebf4e9bdfbd3d2ce621df3"
dependencies = [
 "proc-macro2",
 "quote",
 "syn",
]

[[package]]
name = "either"
version = "1.15.0"
source = "registry+https://github.com/rust-lang/crates.io-index"
checksum = "48c757948c5ede0e46177b7add2e67155f70e33c07fea8284df6576da70b3719"

[[package]]
name = "itertools"
version = "0.14.0"
source = "registry+https://github.com/rust-lang/crates.io-index"
checksum = "2b192c782037fadd9cfa75548310488aabdbf3d2da73885b31bd0abd03351285"
dependencies = [
 "either",
]

[[package]]
name = "match-downcast"
version = "0.1.2"
source = "registry+https://github.com/rust-lang/crates.io-index"
checksum = "9e16c54c7135c60d5cf6c089559a0d542cb29204b493cdff7978227688272b6a"

[[package]]
name = "more-asserts"
version = "0.3.1"
source = "registry+https://github.com/rust-lang/crates.io-index"
checksum = "1fafa6961cabd9c63bcd77a45d7e3b7f3b552b70417831fb0f56db717e72407e"

[[package]]
name = "num-traits"
version = "0.2.19"
source = "registry+https://github.com/rust-lang/crates.io-index"
checksum = "071dfc062690e90b734c0b2273ce72ad0ffa95f0c74596bc250dcfd960262841"
dependencies = [
 "autocfg",
]

[[package]]
name = "prettyplease"
version = "0.2.37"
source = "registry+https://github.com/rust-lang/crates.io-index"
checksum = "479ca8adacdd7ce8f1fb39ce9ecccbfe93a3f1344b3d0d97f20bc0196208f62b"
dependencies = [
 "proc-macro2",
 "syn",
]

[[package]]
name = "proc-macro2"
version = "1.0.103"
source = "registry+https://github.com/rust-lang/crates.io-index"
checksum = "5ee95bc4ef87b8d5ba32e8b7714ccc834865276eab0aed5c9958d00ec45f49e8"
dependencies = [
 "unicode-ident",
]

[[package]]
name = "quote"
version = "1.0.42"
source = "registry+https://github.com/rust-lang/crates.io-index"
checksum = "a338cc41d27e6cc6dce6cefc13a0729dfbb81c262b1f519331575dd80ef3067f"
dependencies = [
 "proc-macro2",
]

[[package]]
name = "syn"
version = "2.0.110"
source = "registry+https://github.com/rust-lang/crates.io-index"
checksum = "a99801b5bd34ede4cf3fc688c5919368fea4e4814a4664359503e6015b280aea"
dependencies = [
 "proc-macro2",
 "quote",
 "unicode-ident",
]

[[package]]
name = "thiserror"
version = "2.0.17"
source = "registry+https://github.com/rust-lang/crates.io-index"
checksum = "f63587ca0f12b72a0600bcba1d40081f830876000bb46dd2337a3051618f4fc8"
dependencies = [
 "thiserror-impl",
]

[[package]]
name = "thiserror-impl"
version = "2.0.17"
source = "registry+https://github.com/rust-lang/crates.io-index"
checksum = "3ff15c8ecd7de3849db632e14d18d2571fa09dfc5ed93479bc4485c7a517c913"
dependencies = [
 "proc-macro2",
 "quote",
 "syn",
]

[[package]]
name = "unicode-ident"
version = "1.0.22"
source = "registry+https://github.com/rust-lang/crates.io-index"
checksum = "9312f7c4f6ff9069b165498234ce8be658059c6728633667c526e27dc2cf1df5"

[[package]]
name = "unwrap-infallible"
version = "0.1.5"
source = "registry+https://github.com/rust-lang/crates.io-index"
checksum = "151ac09978d3c2862c4e39b557f4eceee2cc72150bc4cb4f16abf061b6e381fb"
